
Microsoft Visual Studio Solution File, Format Version 12.00
# Visual Studio Version 17
VisualStudioVersion = 17.14.36414.22 d17.14
MinimumVisualStudioVersion = 10.0.40219.1
Project("{FAE04EC0-301F-11D3-BF4B-00C04F79EFBC}") = "simulador.cliente.cpp", "simulador.cliente.cpp.csproj", "{A0754763-F529-5EFB-EA59-FCB9E10F2E64}"
EndProject
Global
	GlobalSection(SolutionConfigurationPlatforms) = preSolution
		Debug|Any CPU = Debug|Any CPU
		Release|Any CPU = Release|Any CPU
	EndGlobalSection
	GlobalSection(ProjectConfigurationPlatforms) = postSolution
		{A0754763-F529-5EFB-EA59-FCB9E10F2E64}.Debug|Any CPU.ActiveCfg = Debug|Any CPU
		{A0754763-F529-5EFB-EA59-FCB9E10F2E64}.Debug|Any CPU.Build.0 = Debug|Any CPU
		{A0754763-F529-5EFB-EA59-FCB9E10F2E64}.Release|Any CPU.ActiveCfg = Release|Any CPU
		{A0754763-F529-5EFB-EA59-FCB9E10F2E64}.Release|Any CPU.Build.0 = Release|Any CPU
	EndGlobalSection
	GlobalSection(SolutionProperties) = preSolution
		HideSolutionNode = FALSE
	EndGlobalSection
	GlobalSection(ExtensibilityGlobals) = postSolution
		SolutionGuid = {82FD99F2-FA7A-48C1-B4EC-FAA42A4711A3}
	EndGlobalSection
EndGlobal
