Microsoft Visual Studio Solution File, Format Version 12.00
# Visual Studio Version 17
VisualStudioVersion = 17.5.2.0
MinimumVisualStudioVersion = 10.0.40219.1
Project("{FAE04EC0-301F-11D3-BF4B-00C04F79EFBC}") = "HolaFunction", "HolaFunction\HolaFunction.csproj", "{3E85BDA4-F9AB-AEC2-B3DD-E2CB6F1C3255}"
EndProject
Global
	GlobalSection(SolutionConfigurationPlatforms) = preSolution
		Debug|Any CPU = Debug|Any CPU
		Release|Any CPU = Release|Any CPU
	EndGlobalSection
	GlobalSection(ProjectConfigurationPlatforms) = postSolution
		{3E85BDA4-F9AB-AEC2-B3DD-E2CB6F1C3255}.Debug|Any CPU.ActiveCfg = Debug|Any CPU
		{3E85BDA4-F9AB-AEC2-B3DD-E2CB6F1C3255}.Debug|Any CPU.Build.0 = Debug|Any CPU
		{3E85BDA4-F9AB-AEC2-B3DD-E2CB6F1C3255}.Release|Any CPU.ActiveCfg = Release|Any CPU
		{3E85BDA4-F9AB-AEC2-B3DD-E2CB6F1C3255}.Release|Any CPU.Build.0 = Release|Any CPU
	EndGlobalSection
	GlobalSection(SolutionProperties) = preSolution
		HideSolutionNode = FALSE
	EndGlobalSection
	GlobalSection(ExtensibilityGlobals) = postSolution
		SolutionGuid = {3424CFF7-806C-4FED-A51F-BDF27E2E4E93}
	EndGlobalSection
EndGlobal
