
Microsoft Visual Studio Solution File, Format Version 12.00
# Visual Studio Version 17
VisualStudioVersion = 17.14.36414.22 d17.14
MinimumVisualStudioVersion = 10.0.40219.1
Project("{FAE04EC0-301F-11D3-BF4B-00C04F79EFBC}") = "AWSLambdaFunctionsCrearPedido", "AWSLambdaFunctionsCrearPedido.csproj", "{82859671-2919-CEDB-DE52-6A053EFB7B71}"
EndProject
Global
	GlobalSection(SolutionConfigurationPlatforms) = preSolution
		Debug|Any CPU = Debug|Any CPU
		Release|Any CPU = Release|Any CPU
	EndGlobalSection
	GlobalSection(ProjectConfigurationPlatforms) = postSolution
		{82859671-2919-CEDB-DE52-6A053EFB7B71}.Debug|Any CPU.ActiveCfg = Debug|Any CPU
		{82859671-2919-CEDB-DE52-6A053EFB7B71}.Debug|Any CPU.Build.0 = Debug|Any CPU
		{82859671-2919-CEDB-DE52-6A053EFB7B71}.Release|Any CPU.ActiveCfg = Release|Any CPU
		{82859671-2919-CEDB-DE52-6A053EFB7B71}.Release|Any CPU.Build.0 = Release|Any CPU
	EndGlobalSection
	GlobalSection(SolutionProperties) = preSolution
		HideSolutionNode = FALSE
	EndGlobalSection
	GlobalSection(ExtensibilityGlobals) = postSolution
		SolutionGuid = {B31D43C6-60A9-4526-9BA8-96E10254D032}
	EndGlobalSection
EndGlobal
